
Microsoft Visual Studio Solution File, Format Version 12.00
# Visual Studio Version 16
VisualStudioVersion = 16.0.31911.196
MinimumVisualStudioVersion = 10.0.40219.1
Project("{8BC9CEB8-8B4A-11D0-8D11-00A0C91BC942}") = "Growtopia_Internal", "Internal/Growtopia_Internal.vcxproj", "{CF175B2B-64E0-4340-8B1A-9CC5F1306B17}"
EndProject
Global
	GlobalSection(SolutionConfigurationPlatforms) = preSolution
		Debug|x64 = Debug|x64
		Debug|x86 = Debug|x86
		Release|x64 = Release|x64
		Release|x86 = Release|x86
	EndGlobalSection
	GlobalSection(ProjectConfigurationPlatforms) = postSolution
		{CF175B2B-64E0-4340-8B1A-9CC5F1306B17}.Debug|x64.ActiveCfg = Debug|x64
		{CF175B2B-64E0-4340-8B1A-9CC5F1306B17}.Debug|x64.Build.0 = Debug|x64
		{CF175B2B-64E0-4340-8B1A-9CC5F1306B17}.Debug|x86.ActiveCfg = Debug|Win32
		{CF175B2B-64E0-4340-8B1A-9CC5F1306B17}.Debug|x86.Build.0 = Debug|Win32
		{CF175B2B-64E0-4340-8B1A-9CC5F1306B17}.Release|x64.ActiveCfg = Release|x64
		{CF175B2B-64E0-4340-8B1A-9CC5F1306B17}.Release|x64.Build.0 = Release|x64
		{CF175B2B-64E0-4340-8B1A-9CC5F1306B17}.Release|x86.ActiveCfg = Release|Win32
		{CF175B2B-64E0-4340-8B1A-9CC5F1306B17}.Release|x86.Build.0 = Release|Win32
	EndGlobalSection
	GlobalSection(SolutionProperties) = preSolution
		HideSolutionNode = FALSE
	EndGlobalSection
	GlobalSection(ExtensibilityGlobals) = postSolution
		SolutionGuid = {050FF17C-EC15-4DB9-ACCF-849516528051}
	EndGlobalSection
EndGlobal
